
Microsoft Visual Studio Solution File, Format Version 12.00
# Visual Studio Version 17
VisualStudioVersion = 17.14.36511.14 d17.14
MinimumVisualStudioVersion = 10.0.40219.1
Project("{FAE04EC0-301F-11D3-BF4B-00C04F79EFBC}") = "Testeo_3", "Testeo_3\Testeo_3.csproj", "{0A5DD2F3-2CBD-40DB-B3C8-D9C6126339C2}"
EndProject
Project("{FAE04EC0-301F-11D3-BF4B-00C04F79EFBC}") = "Domain", "Domain\Domain.csproj", "{4363929A-3FD5-4515-B39F-A73BC97FA3F2}"
EndProject
Project("{FAE04EC0-301F-11D3-BF4B-00C04F79EFBC}") = "DataAccess", "DataAccess\DataAccess.csproj", "{37A4868F-9A5F-488C-9FFB-5237651C54E2}"
EndProject
Global
	GlobalSection(SolutionConfigurationPlatforms) = preSolution
		Debug|Any CPU = Debug|Any CPU
		Release|Any CPU = Release|Any CPU
	EndGlobalSection
	GlobalSection(ProjectConfigurationPlatforms) = postSolution
		{0A5DD2F3-2CBD-40DB-B3C8-D9C6126339C2}.Debug|Any CPU.ActiveCfg = Debug|Any CPU
		{0A5DD2F3-2CBD-40DB-B3C8-D9C6126339C2}.Debug|Any CPU.Build.0 = Debug|Any CPU
		{0A5DD2F3-2CBD-40DB-B3C8-D9C6126339C2}.Release|Any CPU.ActiveCfg = Release|Any CPU
		{0A5DD2F3-2CBD-40DB-B3C8-D9C6126339C2}.Release|Any CPU.Build.0 = Release|Any CPU
		{4363929A-3FD5-4515-B39F-A73BC97FA3F2}.Debug|Any CPU.ActiveCfg = Debug|Any CPU
		{4363929A-3FD5-4515-B39F-A73BC97FA3F2}.Debug|Any CPU.Build.0 = Debug|Any CPU
		{4363929A-3FD5-4515-B39F-A73BC97FA3F2}.Release|Any CPU.ActiveCfg = Release|Any CPU
		{4363929A-3FD5-4515-B39F-A73BC97FA3F2}.Release|Any CPU.Build.0 = Release|Any CPU
		{37A4868F-9A5F-488C-9FFB-5237651C54E2}.Debug|Any CPU.ActiveCfg = Debug|Any CPU
		{37A4868F-9A5F-488C-9FFB-5237651C54E2}.Debug|Any CPU.Build.0 = Debug|Any CPU
		{37A4868F-9A5F-488C-9FFB-5237651C54E2}.Release|Any CPU.ActiveCfg = Release|Any CPU
		{37A4868F-9A5F-488C-9FFB-5237651C54E2}.Release|Any CPU.Build.0 = Release|Any CPU
	EndGlobalSection
	GlobalSection(SolutionProperties) = preSolution
		HideSolutionNode = FALSE
	EndGlobalSection
	GlobalSection(ExtensibilityGlobals) = postSolution
		SolutionGuid = {1D0D63F2-1BD3-45CA-A01D-7CFE4F0BC9AC}
	EndGlobalSection
EndGlobal
